<?xml version="1.0" encoding="utf-8"?>
<Project ToolsVersion="4.0" xmlns="http://schemas.microsoft.com/developer/msbuild/2003">
  <ItemGroup>
    <Filter Include="源文件">
      <UniqueIdentifier>{4FC737F1-C7A5-4376-A066-2A32D752A2FF}</UniqueIdentifier>
      <Extensions>cpp;c;cc;cxx;c++;cppm;ixx;def;odl;idl;hpj;bat;asm;asmx</Extensions>
    </Filter>
    <Filter Include="头文件">
      <UniqueIdentifier>{93995380-89BD-4b04-88EB-625FBE52EBFB}</UniqueIdentifier>
      <Extensions>h;hh;hpp;hxx;h++;hm;inl;inc;ipp;xsd</Extensions>
    </Filter>
    <Filter Include="资源文件">
      <UniqueIdentifier>{67DA6AB6-F800-4c08-8B7A-83BB121AAD01}</UniqueIdentifier>
      <Extensions>rc;ico;cur;bmp;dlg;rc2;rct;bin;rgs;gif;jpg;jpeg;jpe;resx;tiff;tif;png;wav;mfcribbon-ms</Extensions>
    </Filter>
    <Filter Include="头文件\链表">
      <UniqueIdentifier>{bb51632e-7d72-407c-809f-cd965d85253d}</UniqueIdentifier>
    </Filter>
    <Filter Include="头文件\树">
      <UniqueIdentifier>{ab44779a-f29b-4301-8a20-354c71dc5206}</UniqueIdentifier>
    </Filter>
    <Filter Include="头文件\图">
      <UniqueIdentifier>{83d9efb7-edae-4517-a602-4f3890fcdcc8}</UniqueIdentifier>
    </Filter>
    <Filter Include="头文件\暴力递归和动态规划">
      <UniqueIdentifier>{f33945e8-6194-474a-9154-1497dc7d94aa}</UniqueIdentifier>
    </Filter>
    <Filter Include="头文件\排序算法">
      <UniqueIdentifier>{8a409fac-34b0-4e61-af45-eab9bd7150e9}</UniqueIdentifier>
    </Filter>
    <Filter Include="头文件\LeetCode题">
      <UniqueIdentifier>{6e313266-8480-47ce-8ea7-a1576d17d327}</UniqueIdentifier>
    </Filter>
    <Filter Include="头文件\LeetCode题\1-50">
      <UniqueIdentifier>{65088d06-d11f-41a4-823a-e0fc6729cfd1}</UniqueIdentifier>
    </Filter>
    <Filter Include="头文件\LeetCode题\100+">
      <UniqueIdentifier>{57fc3824-daf5-4e08-ab95-fd7c4ca6f295}</UniqueIdentifier>
    </Filter>
  </ItemGroup>
  <ItemGroup>
    <ClInclude Include="xxx.h">
      <Filter>头文件</Filter>
    </ClInclude>
    <ClInclude Include="recursion\机器人行走.h">
      <Filter>头文件\暴力递归和动态规划</Filter>
    </ClInclude>
    <ClInclude Include="DataGenerator.h">
      <Filter>头文件</Filter>
    </ClInclude>
    <ClInclude Include="recursion\纸牌游戏.h">
      <Filter>头文件\暴力递归和动态规划</Filter>
    </ClInclude>
    <ClInclude Include="recursion\背包问题.h">
      <Filter>头文件\暴力递归和动态规划</Filter>
    </ClInclude>
    <ClInclude Include="recursion\数字转换为字符串.h">
      <Filter>头文件\暴力递归和动态规划</Filter>
    </ClInclude>
    <ClInclude Include="recursion\691 贴纸拼词.h">
      <Filter>头文件\暴力递归和动态规划</Filter>
    </ClInclude>
    <ClInclude Include="recursion\1143 最长公共子序列.h">
      <Filter>头文件\暴力递归和动态规划</Filter>
    </ClInclude>
    <ClInclude Include="recursion\516 最长回文子序列.h">
      <Filter>头文件\暴力递归和动态规划</Filter>
    </ClInclude>
    <ClInclude Include="recursion\象棋的骑士到一个点的走法.h">
      <Filter>头文件\暴力递归和动态规划</Filter>
    </ClInclude>
    <ClInclude Include="recursion\咖啡机问题.h">
      <Filter>头文件\暴力递归和动态规划</Filter>
    </ClInclude>
    <ClInclude Include="LeetCode\1 两数之和.h">
      <Filter>头文件\LeetCode题\1-50</Filter>
    </ClInclude>
    <ClInclude Include="LeetCode\2 两数相加.h">
      <Filter>头文件\LeetCode题\1-50</Filter>
    </ClInclude>
    <ClInclude Include="LeetCode\3 无重复字符的最长子串.h">
      <Filter>头文件\LeetCode题\1-50</Filter>
    </ClInclude>
    <ClInclude Include="LeetCode\4 寻找两个正序数组的中位数.h">
      <Filter>头文件\LeetCode题\1-50</Filter>
    </ClInclude>
    <ClInclude Include="LeetCode\5 最长回文子串.h">
      <Filter>头文件\LeetCode题\1-50</Filter>
    </ClInclude>
    <ClInclude Include="LeetCode\7 整数反转.h">
      <Filter>头文件\LeetCode题\1-50</Filter>
    </ClInclude>
    <ClInclude Include="LeetCode\10 正则表达式匹配.h">
      <Filter>头文件\LeetCode题\1-50</Filter>
    </ClInclude>
    <ClInclude Include="LeetCode\15 三数之和.h">
      <Filter>头文件\LeetCode题\1-50</Filter>
    </ClInclude>
    <ClInclude Include="LeetCode\138 复制带随机指针的链表.h">
      <Filter>头文件\LeetCode题\100+</Filter>
    </ClInclude>
    <ClInclude Include="LeetCode\494 目标和.h">
      <Filter>头文件\LeetCode题\100+</Filter>
    </ClInclude>
    <ClInclude Include="LeetCode\1891 割绳子.h">
      <Filter>头文件\LeetCode题\100+</Filter>
    </ClInclude>
    <ClInclude Include="LeetCode\xxx  - 副本.h">
      <Filter>头文件\LeetCode题\100+</Filter>
    </ClInclude>
    <ClInclude Include="sort\SortAlgorithm.h">
      <Filter>头文件\排序算法</Filter>
    </ClInclude>
  </ItemGroup>
  <ItemGroup>
    <ClCompile Include="main.cpp">
      <Filter>源文件</Filter>
    </ClCompile>
  </ItemGroup>
</Project>